// !$*UTF8*$!
{
	archiveVersion = 1;
	classes = {
	};
	objectVersion = 50;
	objects = {

/* Begin PBXBuildFile section */
		5053D46A20BD1A0F001FF835 /* TableViewController.swift in Sources */ = {isa = PBXBuildFile; fileRef = 5053D46920BD1A0F001FF835 /* TableViewController.swift */; };
		5053D46E20BD26A9001FF835 /* EditViewController.swift in Sources */ = {isa = PBXBuildFile; fileRef = 5053D46D20BD26A9001FF835 /* EditViewController.swift */; };
		5089CF4F20A90EC800DF1621 /* AppDelegate.swift in Sources */ = {isa = PBXBuildFile; fileRef = 5089CF4E20A90EC800DF1621 /* AppDelegate.swift */; };
		5089CF5120A90EC800DF1621 /* ViewController.swift in Sources */ = {isa = PBXBuildFile; fileRef = 5089CF5020A90EC800DF1621 /* ViewController.swift */; };
		5089CF5420A90EC800DF1621 /* Main.storyboard in Resources */ = {isa = PBXBuildFile; fileRef = 5089CF5220A90EC800DF1621 /* Main.storyboard */; };
		5089CF5720A90EC800DF1621 /* CrudCoreData.xcdatamodeld in Sources */ = {isa = PBXBuildFile; fileRef = 5089CF5520A90EC800DF1621 /* CrudCoreData.xcdatamodeld */; };
		5089CF5920A90ECA00DF1621 /* Assets.xcassets in Resources */ = {isa = PBXBuildFile; fileRef = 5089CF5820A90ECA00DF1621 /* Assets.xcassets */; };
		5089CF5C20A90ECA00DF1621 /* LaunchScreen.storyboard in Resources */ = {isa = PBXBuildFile; fileRef = 5089CF5A20A90ECA00DF1621 /* LaunchScreen.storyboard */; };
/* End PBXBuildFile section */

/* Begin PBXFileReference section */
		5053D46920BD1A0F001FF835 /* TableViewController.swift */ = {isa = PBXFileReference; lastKnownFileType = sourcecode.swift; path = TableViewController.swift; sourceTree = "<group>"; };
		5053D46D20BD26A9001FF835 /* EditViewController.swift */ = {isa = PBXFileReference; lastKnownFileType = sourcecode.swift; path = EditViewController.swift; sourceTree = "<group>"; };
		5089CF4B20A90EC800DF1621 /* CrudCoreData.app */ = {isa = PBXFileReference; explicitFileType = wrapper.application; includeInIndex = 0; path = CrudCoreData.app; sourceTree = BUILT_PRODUCTS_DIR; };
		5089CF4E20A90EC800DF1621 /* AppDelegate.swift */ = {isa = PBXFileReference; lastKnownFileType = sourcecode.swift; path = AppDelegate.swift; sourceTree = "<group>"; };
		5089CF5020A90EC800DF1621 /* ViewController.swift */ = {isa = PBXFileReference; lastKnownFileType = sourcecode.swift; path = ViewController.swift; sourceTree = "<group>"; };
		5089CF5320A90EC800DF1621 /* Base */ = {isa = PBXFileReference; lastKnownFileType = file.storyboard; name = Base; path = Base.lproj/Main.storyboard; sourceTree = "<group>"; };
		5089CF5620A90EC800DF1621 /* CrudCoreData.xcdatamodel */ = {isa = PBXFileReference; lastKnownFileType = wrapper.xcdatamodel; path = CrudCoreData.xcdatamodel; sourceTree = "<group>"; };
		5089CF5820A90ECA00DF1621 /* Assets.xcassets */ = {isa = PBXFileReference; lastKnownFileType = folder.assetcatalog; path = Assets.xcassets; sourceTree = "<group>"; };
		5089CF5B20A90ECA00DF1621 /* Base */ = {isa = PBXFileReference; lastKnownFileType = file.storyboard; name = Base; path = Base.lproj/LaunchScreen.storyboard; sourceTree = "<group>"; };
		5089CF5D20A90ECA00DF1621 /* Info.plist */ = {isa = PBXFileReference; lastKnownFileType = text.plist.xml; path = Info.plist; sourceTree = "<group>"; };
/* End PBXFileReference section */

/* Begin PBXFrameworksBuildPhase section */
		5089CF4820A90EC800DF1621 /* Frameworks */ = {
			isa = PBXFrameworksBuildPhase;
			buildActionMask = 2147483647;
			files = (
			);
			runOnlyForDeploymentPostprocessing = 0;
		};
/* End PBXFrameworksBuildPhase section */

/* Begin PBXGroup section */
		5089CF4220A90EC800DF1621 = {
			isa = PBXGroup;
			children = (
				5089CF4D20A90EC800DF1621 /* CrudCoreData */,
				5089CF4C20A90EC800DF1621 /* Products */,
			);
			sourceTree = "<group>";
		};
		5089CF4C20A90EC800DF1621 /* Products */ = {
			isa = PBXGroup;
			children = (
				5089CF4B20A90EC800DF1621 /* CrudCoreData.app */,
			);
			name = Products;
			sourceTree = "<group>";
		};
		5089CF4D20A90EC800DF1621 /* CrudCoreData */ = {
			isa = PBXGroup;
			children = (
				5089CF4E20A90EC800DF1621 /* AppDelegate.swift */,
				5089CF5020A90EC800DF1621 /* ViewController.swift */,
				5053D46D20BD26A9001FF835 /* EditViewController.swift */,
				5053D46920BD1A0F001FF835 /* TableViewController.swift */,
				5089CF5220A90EC800DF1621 /* Main.storyboard */,
				5089CF5820A90ECA00DF1621 /* Assets.xcassets */,
				5089CF5A20A90ECA00DF1621 /* LaunchScreen.storyboard */,
				5089CF5D20A90ECA00DF1621 /* Info.plist */,
				5089CF5520A90EC800DF1621 /* CrudCoreData.xcdatamodeld */,
			);
			path = CrudCoreData;
			sourceTree = "<group>";
		};
/* End PBXGroup section */

/* Begin PBXNativeTarget section */
		5089CF4A20A90EC800DF1621 /* CrudCoreData */ = {
			isa = PBXNativeTarget;
			buildConfigurationList = 5089CF6020A90ECA00DF1621 /* Build configuration list for PBXNativeTarget "CrudCoreData" */;
			buildPhases = (
				5089CF4720A90EC800DF1621 /* Sources */,
				5089CF4820A90EC800DF1621 /* Frameworks */,
				5089CF4920A90EC800DF1621 /* Resources */,
			);
			buildRules = (
			);
			dependencies = (
			);
			name = CrudCoreData;
			productName = CrudCoreData;
			productReference = 5089CF4B20A90EC800DF1621 /* CrudCoreData.app */;
			productType = "com.apple.product-type.application";
		};
/* End PBXNativeTarget section */

/* Begin PBXProject section */
		5089CF4320A90EC800DF1621 /* Project object */ = {
			isa = PBXProject;
			attributes = {
				LastSwiftUpdateCheck = 0930;
				LastUpgradeCheck = 0930;
				ORGANIZATIONNAME = "Max Alva";
				TargetAttributes = {
					5089CF4A20A90EC800DF1621 = {
						CreatedOnToolsVersion = 9.3.1;
					};
				};
			};
			buildConfigurationList = 5089CF4620A90EC800DF1621 /* Build configuration list for PBXProject "CrudCoreData" */;
			compatibilityVersion = "Xcode 9.3";
			developmentRegion = en;
			hasScannedForEncodings = 0;
			knownRegions = (
				en,
				Base,
			);
			mainGroup = 5089CF4220A90EC800DF1621;
			productRefGroup = 5089CF4C20A90EC800DF1621 /* Products */;
			projectDirPath = "";
			projectRoot = "";
			targets = (
				5089CF4A20A90EC800DF1621 /* CrudCoreData */,
			);
		};
/* End PBXProject section */

/* Begin PBXResourcesBuildPhase section */
		5089CF4920A90EC800DF1621 /* Resources */ = {
			isa = PBXResourcesBuildPhase;
			buildActionMask = 2147483647;
			files = (
				5089CF5C20A90ECA00DF1621 /* LaunchScreen.storyboard in Resources */,
				5089CF5920A90ECA00DF1621 /* Assets.xcassets in Resources */,
				5089CF5420A90EC800DF1621 /* Main.storyboard in Resources */,
			);
			runOnlyForDeploymentPostprocessing = 0;
		};
/* End PBXResourcesBuildPhase section */

/* Begin PBXSourcesBuildPhase section */
		5089CF4720A90EC800DF1621 /* Sources */ = {
			isa = PBXSourcesBuildPhase;
			buildActionMask = 2147483647;
			files = (
				5053D46E20BD26A9001FF835 /* EditViewController.swift in Sources */,
				5089CF5120A90EC800DF1621 /* ViewController.swift in Sources */,
				5089CF4F20A90EC800DF1621 /* AppDelegate.swift in Sources */,
				5089CF5720A90EC800DF1621 /* CrudCoreData.xcdatamodeld in Sources */,
				5053D46A20BD1A0F001FF835 /* TableViewController.swift in Sources */,
			);
			runOnlyForDeploymentPostprocessing = 0;
		};
/* End PBXSourcesBuildPhase section */

/* Begin PBXVariantGroup section */
		5089CF5220A90EC800DF1621 /* Main.storyboard */ = {
			isa = PBXVariantGroup;
			children = (
				5089CF5320A90EC800DF1621 /* Base */,
			);
			name = Main.storyboard;
			sourceTree = "<group>";
		};
		5089CF5A20A90ECA00DF1621 /* LaunchScreen.storyboard */ = {
			isa = PBXVariantGroup;
			children = (
				5089CF5B20A90ECA00DF1621 /* Base */,
			);
			name = LaunchScreen.storyboard;
			sourceTree = "<group>";
		};
/* End PBXVariantGroup section */

/* Begin XCBuildConfiguration section */
		5089CF5E20A90ECA00DF1621 /* Debug */ = {
			isa = XCBuildConfiguration;
			buildSettings = {
				ALWAYS_SEARCH_USER_PATHS = NO;
				CLANG_ANALYZER_NONNULL = YES;
				CLANG_ANALYZER_NUMBER_OBJECT_CONVERSION = YES_AGGRESSIVE;
				CLANG_CXX_LANGUAGE_STANDARD = "gnu++14";
				CLANG_CXX_LIBRARY = "libc++";
				CLANG_ENABLE_MODULES = YES;
				CLANG_ENABLE_OBJC_ARC = YES;
				CLANG_ENABLE_OBJC_WEAK = YES;
				CLANG_WARN_BLOCK_CAPTURE_AUTORELEASING = YES;
				CLANG_WARN_BOOL_CONVERSION = YES;
				CLANG_WARN_COMMA = YES;
				CLANG_WARN_CONSTANT_CONVERSION = YES;
				CLANG_WARN_DEPRECATED_OBJC_IMPLEMENTATIONS = YES;
				CLANG_WARN_DIRECT_OBJC_ISA_USAGE = YES_ERROR;
				CLANG_WARN_DOCUMENTATION_COMMENTS = YES;
				CLANG_WARN_EMPTY_BODY = YES;
				CLANG_WARN_ENUM_CONVERSION = YES;
				CLANG_WARN_INFINITE_RECURSION = YES;
				CLANG_WARN_INT_CONVERSION = YES;
				CLANG_WARN_NON_LITERAL_NULL_CONVERSION = YES;
				CLANG_WARN_OBJC_IMPLICIT_RETAIN_SELF = YES;
				CLANG_WARN_OBJC_LITERAL_CONVERSION = YES;
				CLANG_WARN_OBJC_ROOT_CLASS = YES_ERROR;
				CLANG_WARN_RANGE_LOOP_ANALYSIS = YES;
				CLANG_WARN_STRICT_PROTOTYPES = YES;
				CLANG_WARN_SUSPICIOUS_MOVE = YES;
				CLANG_WARN_UNGUARDED_AVAILABILITY = YES_AGGRESSIVE;
				CLANG_WARN_UNREACHABLE_CODE = YES;
				CLANG_WARN__DUPLICATE_METHOD_MATCH = YES;
				CODE_SIGN_IDENTITY = "iPhone Developer";
				COPY_PHASE_STRIP = NO;
				DEBUG_INFORMATION_FORMAT = dwarf;
				ENABLE_STRICT_OBJC_MSGSEND = YES;
				ENABLE_TESTABILITY = YES;
				GCC_C_LANGUAGE_STANDARD = gnu11;
				GCC_DYNAMIC_NO_PIC = NO;
				GCC_NO_COMMON_BLOCKS = YES;
				GCC_OPTIMIZATION_LEVEL = 0;
				GCC_PREPROCESSOR_DEFINITIONS = (
					"DEBUG=1",
					"$(inherited)",
				);
				GCC_WARN_64_TO_32_BIT_CONVERSION = YES;
				GCC_WARN_ABOUT_RETURN_TYPE = YES_ERROR;
				GCC_WARN_UNDECLARED_SELECTOR = YES;
				GCC_WARN_UNINITIALIZED_AUTOS = YES_AGGRESSIVE;
				GCC_WARN_UNUSED_FUNCTION = YES;
				GCC_WARN_UNUSED_VARIABLE = YES;
				IPHONEOS_DEPLOYMENT_TARGET = 11.3;
				MTL_ENABLE_DEBUG_INFO = YES;
				ONLY_ACTIVE_ARCH = YES;
				SDKROOT = iphoneos;
				SWIFT_ACTIVE_COMPILATION_CONDITIONS = DEBUG;
				SWIFT_OPTIMIZATION_LEVEL = "-Onone";
			};
			name = Debug;
		};
		5089CF5F20A90ECA00DF1621 /* Release */ = {
			isa = XCBuildConfiguration;
			buildSettings = {
				ALWAYS_SEARCH_USER_PATHS = NO;
				CLANG_ANALYZER_NONNULL = YES;
				CLANG_ANALYZER_NUMBER_OBJECT_CONVERSION = YES_AGGRESSIVE;
				CLANG_CXX_LANGUAGE_STANDARD = "gnu++14";
				CLANG_CXX_LIBRARY = "libc++";
				CLANG_ENABLE_MODULES = YES;
				CLANG_ENABLE_OBJC_ARC = YES;
				CLANG_ENABLE_OBJC_WEAK = YES;
				CLANG_WARN_BLOCK_CAPTURE_AUTORELEASING = YES;
				CLANG_WARN_BOOL_CONVERSION = YES;
				CLANG_WARN_COMMA = YES;
				CLANG_WARN_CONSTANT_CONVERSION = YES;
				CLANG_WARN_DEPRECATED_OBJC_IMPLEMENTATIONS = YES;
				CLANG_WARN_DIRECT_OBJC_ISA_USAGE = YES_ERROR;
				CLANG_WARN_DOCUMENTATION_COMMENTS = YES;
				CLANG_WARN_EMPTY_BODY = YES;
				CLANG_WARN_ENUM_CONVERSION = YES;
				CLANG_WARN_INFINITE_RECURSION = YES;
				CLANG_WARN_INT_CONVERSION = YES;
				CLANG_WARN_NON_LITERAL_NULL_CONVERSION = YES;
				CLANG_WARN_OBJC_IMPLICIT_RETAIN_SELF = YES;
				CLANG_WARN_OBJC_LITERAL_CONVERSION = YES;
				CLANG_WARN_OBJC_ROOT_CLASS = YES_ERROR;
				CLANG_WARN_RANGE_LOOP_ANALYSIS = YES;
				CLANG_WARN_STRICT_PROTOTYPES = YES;
				CLANG_WARN_SUSPICIOUS_MOVE = YES;
				CLANG_WARN_UNGUARDED_AVAILABILITY = YES_AGGRESSIVE;
				CLANG_WARN_UNREACHABLE_CODE = YES;
				CLANG_WARN__DUPLICATE_METHOD_MATCH = YES;
				CODE_SIGN_IDENTITY = "iPhone Developer";
				COPY_PHASE_STRIP = NO;
				DEBUG_INFORMATION_FORMAT = "dwarf-with-dsym";
				ENABLE_NS_ASSERTIONS = NO;
				ENABLE_STRICT_OBJC_MSGSEND = YES;
				GCC_C_LANGUAGE_STANDARD = gnu11;
				GCC_NO_COMMON_BLOCKS = YES;
				GCC_WARN_64_TO_32_BIT_CONVERSION = YES;
				GCC_WARN_ABOUT_RETURN_TYPE = YES_ERROR;
				GCC_WARN_UNDECLARED_SELECTOR = YES;
				GCC_WARN_UNINITIALIZED_AUTOS = YES_AGGRESSIVE;
				GCC_WARN_UNUSED_FUNCTION = YES;
				GCC_WARN_UNUSED_VARIABLE = YES;
				IPHONEOS_DEPLOYMENT_TARGET = 11.3;
				MTL_ENABLE_DEBUG_INFO = NO;
				SDKROOT = iphoneos;
				SWIFT_COMPILATION_MODE = wholemodule;
				SWIFT_OPTIMIZATION_LEVEL = "-O";
				VALIDATE_PRODUCT = YES;
			};
			name = Release;
		};
		5089CF6120A90ECA00DF1621 /* Debug */ = {
			isa = XCBuildConfiguration;
			buildSettings = {
				ASSETCATALOG_COMPILER_APPICON_NAME = AppIcon;
				CODE_SIGN_STYLE = Automatic;
				INFOPLIST_FILE = CrudCoreData/Info.plist;
				LD_RUNPATH_SEARCH_PATHS = (
					"$(inherited)",
					"@executable_path/Frameworks",
				);
				PRODUCT_BUNDLE_IDENTIFIER = com.maxalva.CrudCoreData;
				PRODUCT_NAME = "$(TARGET_NAME)";
				SWIFT_VERSION = 4.0;
				TARGETED_DEVICE_FAMILY = "1,2";
			};
			name = Debug;
		};
		5089CF6220A90ECA00DF1621 /* Release */ = {
			isa = XCBuildConfiguration;
			buildSettings = {
				ASSETCATALOG_COMPILER_APPICON_NAME = AppIcon;
				CODE_SIGN_STYLE = Automatic;
				INFOPLIST_FILE = CrudCoreData/Info.plist;
				LD_RUNPATH_SEARCH_PATHS = (
					"$(inherited)",
					"@executable_path/Frameworks",
				);
				PRODUCT_BUNDLE_IDENTIFIER = com.maxalva.CrudCoreData;
				PRODUCT_NAME = "$(TARGET_NAME)";
				SWIFT_VERSION = 4.0;
				TARGETED_DEVICE_FAMILY = "1,2";
			};
			name = Release;
		};
/* End XCBuildConfiguration section */

/* Begin XCConfigurationList section */
		5089CF4620A90EC800DF1621 /* Build configuration list for PBXProject "CrudCoreData" */ = {
			isa = XCConfigurationList;
			buildConfigurations = (
				5089CF5E20A90ECA00DF1621 /* Debug */,
				5089CF5F20A90ECA00DF1621 /* Release */,
			);
			defaultConfigurationIsVisible = 0;
			defaultConfigurationName = Release;
		};
		5089CF6020A90ECA00DF1621 /* Build configuration list for PBXNativeTarget "CrudCoreData" */ = {
			isa = XCConfigurationList;
			buildConfigurations = (
				5089CF6120A90ECA00DF1621 /* Debug */,
				5089CF6220A90ECA00DF1621 /* Release */,
			);
			defaultConfigurationIsVisible = 0;
			defaultConfigurationName = Release;
		};
/* End XCConfigurationList section */

/* Begin XCVersionGroup section */
		5089CF5520A90EC800DF1621 /* CrudCoreData.xcdatamodeld */ = {
			isa = XCVersionGroup;
			children = (
				5089CF5620A90EC800DF1621 /* CrudCoreData.xcdatamodel */,
			);
			currentVersion = 5089CF5620A90EC800DF1621 /* CrudCoreData.xcdatamodel */;
			path = CrudCoreData.xcdatamodeld;
			sourceTree = "<group>";
			versionGroupType = wrapper.xcdatamodel;
		};
/* End XCVersionGroup section */
	};
	rootObject = 5089CF4320A90EC800DF1621 /* Project object */;
}
